
Microsoft Visual Studio Solution File, Format Version 12.00
# Visual Studio Version 16
VisualStudioVersion = 16.0.30503.244
MinimumVisualStudioVersion = 10.0.40219.1
Project("{FAE04EC0-301F-11D3-BF4B-00C04F79EFBC}") = "BackendAPI", "BackendAPI\BackendAPI.csproj", "{40627B1E-A201-4B50-8E76-4FE22663F924}"
EndProject
Project("{FAE04EC0-301F-11D3-BF4B-00C04F79EFBC}") = "BackendAPI.Core", "BackendAPI.Core\BackendAPI.Core.csproj", "{BB3C5AC0-0EDB-4DD2-BA13-636E69DB4CC0}"
EndProject
Project("{FAE04EC0-301F-11D3-BF4B-00C04F79EFBC}") = "BackendAPI.Infrastructure", "BackendAPI.Infrastructure\BackendAPI.Infrastructure.csproj", "{C5E2E891-711D-465D-BBA1-00359A5335CC}"
EndProject
Global
	GlobalSection(SolutionConfigurationPlatforms) = preSolution
		Debug|Any CPU = Debug|Any CPU
		Release|Any CPU = Release|Any CPU
	EndGlobalSection
	GlobalSection(ProjectConfigurationPlatforms) = postSolution
		{40627B1E-A201-4B50-8E76-4FE22663F924}.Debug|Any CPU.ActiveCfg = Debug|Any CPU
		{40627B1E-A201-4B50-8E76-4FE22663F924}.Debug|Any CPU.Build.0 = Debug|Any CPU
		{40627B1E-A201-4B50-8E76-4FE22663F924}.Release|Any CPU.ActiveCfg = Release|Any CPU
		{40627B1E-A201-4B50-8E76-4FE22663F924}.Release|Any CPU.Build.0 = Release|Any CPU
		{BB3C5AC0-0EDB-4DD2-BA13-636E69DB4CC0}.Debug|Any CPU.ActiveCfg = Debug|Any CPU
		{BB3C5AC0-0EDB-4DD2-BA13-636E69DB4CC0}.Debug|Any CPU.Build.0 = Debug|Any CPU
		{BB3C5AC0-0EDB-4DD2-BA13-636E69DB4CC0}.Release|Any CPU.ActiveCfg = Release|Any CPU
		{BB3C5AC0-0EDB-4DD2-BA13-636E69DB4CC0}.Release|Any CPU.Build.0 = Release|Any CPU
		{C5E2E891-711D-465D-BBA1-00359A5335CC}.Debug|Any CPU.ActiveCfg = Debug|Any CPU
		{C5E2E891-711D-465D-BBA1-00359A5335CC}.Debug|Any CPU.Build.0 = Debug|Any CPU
		{C5E2E891-711D-465D-BBA1-00359A5335CC}.Release|Any CPU.ActiveCfg = Release|Any CPU
		{C5E2E891-711D-465D-BBA1-00359A5335CC}.Release|Any CPU.Build.0 = Release|Any CPU
	EndGlobalSection
	GlobalSection(SolutionProperties) = preSolution
		HideSolutionNode = FALSE
	EndGlobalSection
	GlobalSection(ExtensibilityGlobals) = postSolution
		SolutionGuid = {A7B9E663-0A86-4E18-B63A-4DB77A40D712}
	EndGlobalSection
EndGlobal
